
Microsoft Visual Studio Solution File, Format Version 12.00
# Visual Studio Version 17
VisualStudioVersion = 17.0.31903.59
MinimumVisualStudioVersion = 10.0.40219.1
Project("{FAE04EC0-301F-11D3-BF4B-00C04F79EFBC}") = "API.Rest", "API.Rest\API.Rest.csproj", "{5EB579C1-B51A-45E6-A518-491EAD7BF7D1}"
EndProject
Project("{FAE04EC0-301F-11D3-BF4B-00C04F79EFBC}") = "API.Rest.Tests", "API.Rest.Tests\API.Rest.Tests.csproj", "{7CCC3DF5-3D1A-4667-8CD0-2326DEADD12E}"
EndProject
Global
	GlobalSection(SolutionConfigurationPlatforms) = preSolution
		Debug|Any CPU = Debug|Any CPU
		Release|Any CPU = Release|Any CPU
	EndGlobalSection
	GlobalSection(SolutionProperties) = preSolution
		HideSolutionNode = FALSE
	EndGlobalSection
	GlobalSection(ProjectConfigurationPlatforms) = postSolution
		{5EB579C1-B51A-45E6-A518-491EAD7BF7D1}.Debug|Any CPU.ActiveCfg = Debug|Any CPU
		{5EB579C1-B51A-45E6-A518-491EAD7BF7D1}.Debug|Any CPU.Build.0 = Debug|Any CPU
		{5EB579C1-B51A-45E6-A518-491EAD7BF7D1}.Release|Any CPU.ActiveCfg = Release|Any CPU
		{5EB579C1-B51A-45E6-A518-491EAD7BF7D1}.Release|Any CPU.Build.0 = Release|Any CPU
		{7CCC3DF5-3D1A-4667-8CD0-2326DEADD12E}.Debug|Any CPU.ActiveCfg = Debug|Any CPU
		{7CCC3DF5-3D1A-4667-8CD0-2326DEADD12E}.Debug|Any CPU.Build.0 = Debug|Any CPU
		{7CCC3DF5-3D1A-4667-8CD0-2326DEADD12E}.Release|Any CPU.ActiveCfg = Release|Any CPU
		{7CCC3DF5-3D1A-4667-8CD0-2326DEADD12E}.Release|Any CPU.Build.0 = Release|Any CPU
	EndGlobalSection
EndGlobal
